
Microsoft Visual Studio Solution File, Format Version 12.00
# Visual Studio Version 17
VisualStudioVersion = 17.12.35514.174 d17.12
MinimumVisualStudioVersion = 10.0.40219.1
Project("{FAE04EC0-301F-11D3-BF4B-00C04F79EFBC}") = "Ex1", "Ex1\Ex1.csproj", "{0CFA9253-2EB6-4522-8612-5BD81399C95A}"
EndProject
Project("{FAE04EC0-301F-11D3-BF4B-00C04F79EFBC}") = "Ex2", "Ex2\Ex2.csproj", "{B4B55D80-29E3-4E99-96FF-1A652B4F583A}"
EndProject
Project("{FAE04EC0-301F-11D3-BF4B-00C04F79EFBC}") = "Ex3", "Ex3\Ex3.csproj", "{850DABA3-47F0-4DC7-9793-C2F18800879F}"
EndProject
Project("{FAE04EC0-301F-11D3-BF4B-00C04F79EFBC}") = "Ex4", "Ex4\Ex4.csproj", "{6479DE35-0630-4C65-AC62-50AA8E060BA0}"
EndProject
Project("{FAE04EC0-301F-11D3-BF4B-00C04F79EFBC}") = "Ex5", "Ex5\Ex5.csproj", "{9E2CECD7-0D39-40D6-8816-B65A6C699BA5}"
EndProject
Project("{FAE04EC0-301F-11D3-BF4B-00C04F79EFBC}") = "Ex6", "Ex6\Ex6.csproj", "{14924820-1CBA-45B4-A8EF-79A9BCD57D9B}"
EndProject
Project("{FAE04EC0-301F-11D3-BF4B-00C04F79EFBC}") = "Ex7", "Ex7\Ex7.csproj", "{153F6F64-B779-490D-B07A-B9B6BADE5F25}"
EndProject
Project("{FAE04EC0-301F-11D3-BF4B-00C04F79EFBC}") = "Ex8", "Ex8\Ex8.csproj", "{7A6DAECA-0FFC-4227-8BB0-1621D63FE73E}"
EndProject
Project("{FAE04EC0-301F-11D3-BF4B-00C04F79EFBC}") = "Ex9", "Ex9\Ex9.csproj", "{A54FF0E8-C52C-4902-82E7-76A4501AC972}"
EndProject
Project("{FAE04EC0-301F-11D3-BF4B-00C04F79EFBC}") = "Ex10", "Ex10\Ex10.csproj", "{B5B21B19-A2CC-4E76-A9EC-C7AFCFD4821B}"
EndProject
Project("{FAE04EC0-301F-11D3-BF4B-00C04F79EFBC}") = "Ex11", "Ex11\Ex11.csproj", "{D44FF9C3-F988-40CC-8D94-6DA171298033}"
EndProject
Project("{FAE04EC0-301F-11D3-BF4B-00C04F79EFBC}") = "Ex12", "Ex12\Ex12.csproj", "{D8EDC59E-DDE8-4377-AA71-AD53716E05AC}"
EndProject
Global
	GlobalSection(SolutionConfigurationPlatforms) = preSolution
		Debug|Any CPU = Debug|Any CPU
		Release|Any CPU = Release|Any CPU
	EndGlobalSection
	GlobalSection(ProjectConfigurationPlatforms) = postSolution
		{0CFA9253-2EB6-4522-8612-5BD81399C95A}.Debug|Any CPU.ActiveCfg = Debug|Any CPU
		{0CFA9253-2EB6-4522-8612-5BD81399C95A}.Debug|Any CPU.Build.0 = Debug|Any CPU
		{0CFA9253-2EB6-4522-8612-5BD81399C95A}.Release|Any CPU.ActiveCfg = Release|Any CPU
		{0CFA9253-2EB6-4522-8612-5BD81399C95A}.Release|Any CPU.Build.0 = Release|Any CPU
		{B4B55D80-29E3-4E99-96FF-1A652B4F583A}.Debug|Any CPU.ActiveCfg = Debug|Any CPU
		{B4B55D80-29E3-4E99-96FF-1A652B4F583A}.Debug|Any CPU.Build.0 = Debug|Any CPU
		{B4B55D80-29E3-4E99-96FF-1A652B4F583A}.Release|Any CPU.ActiveCfg = Release|Any CPU
		{B4B55D80-29E3-4E99-96FF-1A652B4F583A}.Release|Any CPU.Build.0 = Release|Any CPU
		{850DABA3-47F0-4DC7-9793-C2F18800879F}.Debug|Any CPU.ActiveCfg = Debug|Any CPU
		{850DABA3-47F0-4DC7-9793-C2F18800879F}.Debug|Any CPU.Build.0 = Debug|Any CPU
		{850DABA3-47F0-4DC7-9793-C2F18800879F}.Release|Any CPU.ActiveCfg = Release|Any CPU
		{850DABA3-47F0-4DC7-9793-C2F18800879F}.Release|Any CPU.Build.0 = Release|Any CPU
		{6479DE35-0630-4C65-AC62-50AA8E060BA0}.Debug|Any CPU.ActiveCfg = Debug|Any CPU
		{6479DE35-0630-4C65-AC62-50AA8E060BA0}.Debug|Any CPU.Build.0 = Debug|Any CPU
		{6479DE35-0630-4C65-AC62-50AA8E060BA0}.Release|Any CPU.ActiveCfg = Release|Any CPU
		{6479DE35-0630-4C65-AC62-50AA8E060BA0}.Release|Any CPU.Build.0 = Release|Any CPU
		{9E2CECD7-0D39-40D6-8816-B65A6C699BA5}.Debug|Any CPU.ActiveCfg = Debug|Any CPU
		{9E2CECD7-0D39-40D6-8816-B65A6C699BA5}.Debug|Any CPU.Build.0 = Debug|Any CPU
		{9E2CECD7-0D39-40D6-8816-B65A6C699BA5}.Release|Any CPU.ActiveCfg = Release|Any CPU
		{9E2CECD7-0D39-40D6-8816-B65A6C699BA5}.Release|Any CPU.Build.0 = Release|Any CPU
		{14924820-1CBA-45B4-A8EF-79A9BCD57D9B}.Debug|Any CPU.ActiveCfg = Debug|Any CPU
		{14924820-1CBA-45B4-A8EF-79A9BCD57D9B}.Debug|Any CPU.Build.0 = Debug|Any CPU
		{14924820-1CBA-45B4-A8EF-79A9BCD57D9B}.Release|Any CPU.ActiveCfg = Release|Any CPU
		{14924820-1CBA-45B4-A8EF-79A9BCD57D9B}.Release|Any CPU.Build.0 = Release|Any CPU
		{153F6F64-B779-490D-B07A-B9B6BADE5F25}.Debug|Any CPU.ActiveCfg = Debug|Any CPU
		{153F6F64-B779-490D-B07A-B9B6BADE5F25}.Debug|Any CPU.Build.0 = Debug|Any CPU
		{153F6F64-B779-490D-B07A-B9B6BADE5F25}.Release|Any CPU.ActiveCfg = Release|Any CPU
		{153F6F64-B779-490D-B07A-B9B6BADE5F25}.Release|Any CPU.Build.0 = Release|Any CPU
		{7A6DAECA-0FFC-4227-8BB0-1621D63FE73E}.Debug|Any CPU.ActiveCfg = Debug|Any CPU
		{7A6DAECA-0FFC-4227-8BB0-1621D63FE73E}.Debug|Any CPU.Build.0 = Debug|Any CPU
		{7A6DAECA-0FFC-4227-8BB0-1621D63FE73E}.Release|Any CPU.ActiveCfg = Release|Any CPU
		{7A6DAECA-0FFC-4227-8BB0-1621D63FE73E}.Release|Any CPU.Build.0 = Release|Any CPU
		{A54FF0E8-C52C-4902-82E7-76A4501AC972}.Debug|Any CPU.ActiveCfg = Debug|Any CPU
		{A54FF0E8-C52C-4902-82E7-76A4501AC972}.Debug|Any CPU.Build.0 = Debug|Any CPU
		{A54FF0E8-C52C-4902-82E7-76A4501AC972}.Release|Any CPU.ActiveCfg = Release|Any CPU
		{A54FF0E8-C52C-4902-82E7-76A4501AC972}.Release|Any CPU.Build.0 = Release|Any CPU
		{B5B21B19-A2CC-4E76-A9EC-C7AFCFD4821B}.Debug|Any CPU.ActiveCfg = Debug|Any CPU
		{B5B21B19-A2CC-4E76-A9EC-C7AFCFD4821B}.Debug|Any CPU.Build.0 = Debug|Any CPU
		{B5B21B19-A2CC-4E76-A9EC-C7AFCFD4821B}.Release|Any CPU.ActiveCfg = Release|Any CPU
		{B5B21B19-A2CC-4E76-A9EC-C7AFCFD4821B}.Release|Any CPU.Build.0 = Release|Any CPU
		{D44FF9C3-F988-40CC-8D94-6DA171298033}.Debug|Any CPU.ActiveCfg = Debug|Any CPU
		{D44FF9C3-F988-40CC-8D94-6DA171298033}.Debug|Any CPU.Build.0 = Debug|Any CPU
		{D44FF9C3-F988-40CC-8D94-6DA171298033}.Release|Any CPU.ActiveCfg = Release|Any CPU
		{D44FF9C3-F988-40CC-8D94-6DA171298033}.Release|Any CPU.Build.0 = Release|Any CPU
		{D8EDC59E-DDE8-4377-AA71-AD53716E05AC}.Debug|Any CPU.ActiveCfg = Debug|Any CPU
		{D8EDC59E-DDE8-4377-AA71-AD53716E05AC}.Debug|Any CPU.Build.0 = Debug|Any CPU
		{D8EDC59E-DDE8-4377-AA71-AD53716E05AC}.Release|Any CPU.ActiveCfg = Release|Any CPU
		{D8EDC59E-DDE8-4377-AA71-AD53716E05AC}.Release|Any CPU.Build.0 = Release|Any CPU
	EndGlobalSection
	GlobalSection(SolutionProperties) = preSolution
		HideSolutionNode = FALSE
	EndGlobalSection
EndGlobal
